
Microsoft Visual Studio Solution File, Format Version 12.00
# Visual Studio Version 16
VisualStudioVersion = 16.0.29230.61
MinimumVisualStudioVersion = 10.0.40219.1
Project("{2150E333-8FDC-42A3-9474-1A3956D46DE8}") = "src", "src", "{B6DE5FC2-6714-4BA5-9640-E6681F836D10}"
EndProject
Project("{2150E333-8FDC-42A3-9474-1A3956D46DE8}") = "tests", "tests", "{F71C005D-C2DC-4AFC-A077-BA8861A95629}"
EndProject
Project("{2150E333-8FDC-42A3-9474-1A3956D46DE8}") = "Data", "Data", "{3DEB44A1-F1DF-48BD-8464-F3DE8A7036AA}"
EndProject
Project("{2150E333-8FDC-42A3-9474-1A3956D46DE8}") = "Domain", "Domain", "{3D33A84B-4765-4705-B55B-EB7A6171BD98}"
EndProject
Project("{2150E333-8FDC-42A3-9474-1A3956D46DE8}") = "Shared", "Shared", "{5422160F-F89C-440D-811F-DEC2B1D6C650}"
EndProject
Project("{2150E333-8FDC-42A3-9474-1A3956D46DE8}") = "UI", "UI", "{8668A9E2-9B5C-4A7D-9953-CB2EA45571D4}"
EndProject
Project("{FAE04EC0-301F-11D3-BF4B-00C04F79EFBC}") = "Purchase.Domain", "src\Domain\Purchase.Domain\Purchase.Domain.csproj", "{D3EC3998-5C5D-4BF0-88D6-469E213620AE}"
EndProject
Project("{FAE04EC0-301F-11D3-BF4B-00C04F79EFBC}") = "Common.Domain", "src\Domain\Common.Domain\Common.Domain.csproj", "{19574D05-4D97-432A-9EB2-1DE9BAC4128A}"
EndProject
Project("{FAE04EC0-301F-11D3-BF4B-00C04F79EFBC}") = "Maintenance.Domain", "src\Domain\Maintenance.Domain\Maintenance.Domain.csproj", "{6D6067C0-81B2-4460-A208-97F18FF74AE4}"
EndProject
Project("{FAE04EC0-301F-11D3-BF4B-00C04F79EFBC}") = "Accounts.Domain", "src\Domain\Accounts.Domain\Accounts.Domain.csproj", "{8BEA0538-BA7F-49A0-8A90-D6B3A04E4AF8}"
EndProject
Project("{FAE04EC0-301F-11D3-BF4B-00C04F79EFBC}") = "UserManagement.Domain", "src\Domain\UserManagement.Domain\UserManagement.Domain.csproj", "{7BE67946-FAEC-4574-AB21-7BB5F9EA3D21}"
EndProject
Project("{FAE04EC0-301F-11D3-BF4B-00C04F79EFBC}") = "HR.Domain", "src\Domain\HR.Domain\HR.Domain.csproj", "{017B74A9-CE1B-472C-87AD-2FAA37DB6A38}"
EndProject
Project("{FAE04EC0-301F-11D3-BF4B-00C04F79EFBC}") = "Inventory.Domain", "src\Domain\Inventory.Domain\Inventory.Domain.csproj", "{401F1A5C-A692-4AC1-A355-7FC4B0205685}"
EndProject
Project("{FAE04EC0-301F-11D3-BF4B-00C04F79EFBC}") = "UserManagemnet.Data", "src\Data\UserManagemnet.Data\UserManagemnet.Data.csproj", "{727FA754-7DB8-4C75-A38E-E2D0D077F5F2}"
EndProject
Project("{2150E333-8FDC-42A3-9474-1A3956D46DE8}") = "External", "External", "{767A4398-DCA9-4BCC-A161-019F75161BCA}"
EndProject
Project("{FAE04EC0-301F-11D3-BF4B-00C04F79EFBC}") = "MoblieMoney.Persistence", "src\External\MoblieMoney.Persistence\MoblieMoney.Persistence.csproj", "{85C1DF61-9386-4F3C-B997-3B067DC15DFA}"
EndProject
Project("{FAE04EC0-301F-11D3-BF4B-00C04F79EFBC}") = "HR.Data", "src\Data\HR.Data\HR.Data.csproj", "{09AA4596-5975-4148-BBF5-7266C5DCA4A0}"
EndProject
Project("{FAE04EC0-301F-11D3-BF4B-00C04F79EFBC}") = "Inventories.Data", "src\Data\Inventories.Data\Inventories.Data.csproj", "{8B0D92CF-DBAC-44A6-AA72-3C457D3C0268}"
EndProject
Project("{FAE04EC0-301F-11D3-BF4B-00C04F79EFBC}") = "Maintenance.Data", "src\Data\Maintenance.Data\Maintenance.Data.csproj", "{55F44F77-09B2-4B39-8AA5-9F04E38A777C}"
EndProject
Project("{FAE04EC0-301F-11D3-BF4B-00C04F79EFBC}") = "Purchase.Data", "src\Data\Purchase.Data\Purchase.Data.csproj", "{9310146F-BB57-480B-A590-48C9D093AE27}"
EndProject
Project("{FAE04EC0-301F-11D3-BF4B-00C04F79EFBC}") = "Purchase.UI.Server", "src\UI\Purchase.UI\Server\Purchase.UI.Server.csproj", "{728B26D0-B199-4CE8-9CAB-3E1386FA17FA}"
EndProject
Project("{FAE04EC0-301F-11D3-BF4B-00C04F79EFBC}") = "Purchase.UI.Client", "src\UI\Purchase.UI\Client\Purchase.UI.Client.csproj", "{2AEDA888-B160-40BE-BAC8-E9055AD4B944}"
EndProject
Project("{FAE04EC0-301F-11D3-BF4B-00C04F79EFBC}") = "Purchase.UI.Shared", "src\UI\Purchase.UI\Shared\Purchase.UI.Shared.csproj", "{EE3DD6C2-3B76-4B12-8FB8-ED64CB0A3372}"
EndProject
Project("{2150E333-8FDC-42A3-9474-1A3956D46DE8}") = "UnitTests", "UnitTests", "{A8AAC1E9-38C9-4EB3-B3E6-8BC559BFA029}"
EndProject
Project("{2150E333-8FDC-42A3-9474-1A3956D46DE8}") = "IntegrationTests", "IntegrationTests", "{E04ADC2B-882D-4A1F-BEBF-DB00AA385AD7}"
EndProject
Project("{2150E333-8FDC-42A3-9474-1A3956D46DE8}") = "Domain", "Domain", "{22F69667-A068-43E1-A9DC-53DA9365EA87}"
EndProject
Project("{2150E333-8FDC-42A3-9474-1A3956D46DE8}") = "Services", "Services", "{ED99A97A-8C0B-493E-9C9E-7DB0364E7877}"
EndProject
Project("{FAE04EC0-301F-11D3-BF4B-00C04F79EFBC}") = "ServiceContracts", "src\Services\ServiceContracts\ServiceContracts.csproj", "{57A852BA-0870-4150-AB3F-51F23E758D38}"
EndProject
Project("{9A19103F-16F7-4668-BE54-9A1E7A4F7556}") = "Accounts.Data", "src\Data\Accounts.Data\Accounts.Data.csproj", "{AF7F0217-2A62-418A-9B99-DAFD1D0CA5D9}"
EndProject
Project("{FAE04EC0-301F-11D3-BF4B-00C04F79EFBC}") = "MobileMoney.Domain", "src\Domain\MobileMoney.Domain\MobileMoney.Domain.csproj", "{4B08C194-77B9-4E06-B5C4-13AC64F68920}"
EndProject
Project("{FAE04EC0-301F-11D3-BF4B-00C04F79EFBC}") = "MobileMoney.Data", "src\Data\MobileMoney.Data\MobileMoney.Data.csproj", "{44C8183C-6D58-423A-A28D-8FBBE814802F}"
EndProject
Global
	GlobalSection(SolutionConfigurationPlatforms) = preSolution
		Debug|Any CPU = Debug|Any CPU
		Release|Any CPU = Release|Any CPU
	EndGlobalSection
	GlobalSection(ProjectConfigurationPlatforms) = postSolution
		{D3EC3998-5C5D-4BF0-88D6-469E213620AE}.Debug|Any CPU.ActiveCfg = Debug|Any CPU
		{D3EC3998-5C5D-4BF0-88D6-469E213620AE}.Debug|Any CPU.Build.0 = Debug|Any CPU
		{D3EC3998-5C5D-4BF0-88D6-469E213620AE}.Release|Any CPU.ActiveCfg = Release|Any CPU
		{D3EC3998-5C5D-4BF0-88D6-469E213620AE}.Release|Any CPU.Build.0 = Release|Any CPU
		{19574D05-4D97-432A-9EB2-1DE9BAC4128A}.Debug|Any CPU.ActiveCfg = Debug|Any CPU
		{19574D05-4D97-432A-9EB2-1DE9BAC4128A}.Debug|Any CPU.Build.0 = Debug|Any CPU
		{19574D05-4D97-432A-9EB2-1DE9BAC4128A}.Release|Any CPU.ActiveCfg = Release|Any CPU
		{19574D05-4D97-432A-9EB2-1DE9BAC4128A}.Release|Any CPU.Build.0 = Release|Any CPU
		{6D6067C0-81B2-4460-A208-97F18FF74AE4}.Debug|Any CPU.ActiveCfg = Debug|Any CPU
		{6D6067C0-81B2-4460-A208-97F18FF74AE4}.Debug|Any CPU.Build.0 = Debug|Any CPU
		{6D6067C0-81B2-4460-A208-97F18FF74AE4}.Release|Any CPU.ActiveCfg = Release|Any CPU
		{6D6067C0-81B2-4460-A208-97F18FF74AE4}.Release|Any CPU.Build.0 = Release|Any CPU
		{8BEA0538-BA7F-49A0-8A90-D6B3A04E4AF8}.Debug|Any CPU.ActiveCfg = Debug|Any CPU
		{8BEA0538-BA7F-49A0-8A90-D6B3A04E4AF8}.Debug|Any CPU.Build.0 = Debug|Any CPU
		{8BEA0538-BA7F-49A0-8A90-D6B3A04E4AF8}.Release|Any CPU.ActiveCfg = Release|Any CPU
		{8BEA0538-BA7F-49A0-8A90-D6B3A04E4AF8}.Release|Any CPU.Build.0 = Release|Any CPU
		{7BE67946-FAEC-4574-AB21-7BB5F9EA3D21}.Debug|Any CPU.ActiveCfg = Debug|Any CPU
		{7BE67946-FAEC-4574-AB21-7BB5F9EA3D21}.Debug|Any CPU.Build.0 = Debug|Any CPU
		{7BE67946-FAEC-4574-AB21-7BB5F9EA3D21}.Release|Any CPU.ActiveCfg = Release|Any CPU
		{7BE67946-FAEC-4574-AB21-7BB5F9EA3D21}.Release|Any CPU.Build.0 = Release|Any CPU
		{017B74A9-CE1B-472C-87AD-2FAA37DB6A38}.Debug|Any CPU.ActiveCfg = Debug|Any CPU
		{017B74A9-CE1B-472C-87AD-2FAA37DB6A38}.Debug|Any CPU.Build.0 = Debug|Any CPU
		{017B74A9-CE1B-472C-87AD-2FAA37DB6A38}.Release|Any CPU.ActiveCfg = Release|Any CPU
		{017B74A9-CE1B-472C-87AD-2FAA37DB6A38}.Release|Any CPU.Build.0 = Release|Any CPU
		{401F1A5C-A692-4AC1-A355-7FC4B0205685}.Debug|Any CPU.ActiveCfg = Debug|Any CPU
		{401F1A5C-A692-4AC1-A355-7FC4B0205685}.Debug|Any CPU.Build.0 = Debug|Any CPU
		{401F1A5C-A692-4AC1-A355-7FC4B0205685}.Release|Any CPU.ActiveCfg = Release|Any CPU
		{401F1A5C-A692-4AC1-A355-7FC4B0205685}.Release|Any CPU.Build.0 = Release|Any CPU
		{727FA754-7DB8-4C75-A38E-E2D0D077F5F2}.Debug|Any CPU.ActiveCfg = Debug|Any CPU
		{727FA754-7DB8-4C75-A38E-E2D0D077F5F2}.Debug|Any CPU.Build.0 = Debug|Any CPU
		{727FA754-7DB8-4C75-A38E-E2D0D077F5F2}.Release|Any CPU.ActiveCfg = Release|Any CPU
		{727FA754-7DB8-4C75-A38E-E2D0D077F5F2}.Release|Any CPU.Build.0 = Release|Any CPU
		{85C1DF61-9386-4F3C-B997-3B067DC15DFA}.Debug|Any CPU.ActiveCfg = Debug|Any CPU
		{85C1DF61-9386-4F3C-B997-3B067DC15DFA}.Debug|Any CPU.Build.0 = Debug|Any CPU
		{85C1DF61-9386-4F3C-B997-3B067DC15DFA}.Release|Any CPU.ActiveCfg = Release|Any CPU
		{85C1DF61-9386-4F3C-B997-3B067DC15DFA}.Release|Any CPU.Build.0 = Release|Any CPU
		{09AA4596-5975-4148-BBF5-7266C5DCA4A0}.Debug|Any CPU.ActiveCfg = Debug|Any CPU
		{09AA4596-5975-4148-BBF5-7266C5DCA4A0}.Debug|Any CPU.Build.0 = Debug|Any CPU
		{09AA4596-5975-4148-BBF5-7266C5DCA4A0}.Release|Any CPU.ActiveCfg = Release|Any CPU
		{09AA4596-5975-4148-BBF5-7266C5DCA4A0}.Release|Any CPU.Build.0 = Release|Any CPU
		{8B0D92CF-DBAC-44A6-AA72-3C457D3C0268}.Debug|Any CPU.ActiveCfg = Debug|Any CPU
		{8B0D92CF-DBAC-44A6-AA72-3C457D3C0268}.Debug|Any CPU.Build.0 = Debug|Any CPU
		{8B0D92CF-DBAC-44A6-AA72-3C457D3C0268}.Release|Any CPU.ActiveCfg = Release|Any CPU
		{8B0D92CF-DBAC-44A6-AA72-3C457D3C0268}.Release|Any CPU.Build.0 = Release|Any CPU
		{55F44F77-09B2-4B39-8AA5-9F04E38A777C}.Debug|Any CPU.ActiveCfg = Debug|Any CPU
		{55F44F77-09B2-4B39-8AA5-9F04E38A777C}.Debug|Any CPU.Build.0 = Debug|Any CPU
		{55F44F77-09B2-4B39-8AA5-9F04E38A777C}.Release|Any CPU.ActiveCfg = Release|Any CPU
		{55F44F77-09B2-4B39-8AA5-9F04E38A777C}.Release|Any CPU.Build.0 = Release|Any CPU
		{9310146F-BB57-480B-A590-48C9D093AE27}.Debug|Any CPU.ActiveCfg = Debug|Any CPU
		{9310146F-BB57-480B-A590-48C9D093AE27}.Debug|Any CPU.Build.0 = Debug|Any CPU
		{9310146F-BB57-480B-A590-48C9D093AE27}.Release|Any CPU.ActiveCfg = Release|Any CPU
		{9310146F-BB57-480B-A590-48C9D093AE27}.Release|Any CPU.Build.0 = Release|Any CPU
		{728B26D0-B199-4CE8-9CAB-3E1386FA17FA}.Debug|Any CPU.ActiveCfg = Debug|Any CPU
		{728B26D0-B199-4CE8-9CAB-3E1386FA17FA}.Debug|Any CPU.Build.0 = Debug|Any CPU
		{728B26D0-B199-4CE8-9CAB-3E1386FA17FA}.Release|Any CPU.ActiveCfg = Release|Any CPU
		{728B26D0-B199-4CE8-9CAB-3E1386FA17FA}.Release|Any CPU.Build.0 = Release|Any CPU
		{2AEDA888-B160-40BE-BAC8-E9055AD4B944}.Debug|Any CPU.ActiveCfg = Debug|Any CPU
		{2AEDA888-B160-40BE-BAC8-E9055AD4B944}.Debug|Any CPU.Build.0 = Debug|Any CPU
		{2AEDA888-B160-40BE-BAC8-E9055AD4B944}.Release|Any CPU.ActiveCfg = Release|Any CPU
		{2AEDA888-B160-40BE-BAC8-E9055AD4B944}.Release|Any CPU.Build.0 = Release|Any CPU
		{EE3DD6C2-3B76-4B12-8FB8-ED64CB0A3372}.Debug|Any CPU.ActiveCfg = Debug|Any CPU
		{EE3DD6C2-3B76-4B12-8FB8-ED64CB0A3372}.Debug|Any CPU.Build.0 = Debug|Any CPU
		{EE3DD6C2-3B76-4B12-8FB8-ED64CB0A3372}.Release|Any CPU.ActiveCfg = Release|Any CPU
		{EE3DD6C2-3B76-4B12-8FB8-ED64CB0A3372}.Release|Any CPU.Build.0 = Release|Any CPU
		{57A852BA-0870-4150-AB3F-51F23E758D38}.Debug|Any CPU.ActiveCfg = Debug|Any CPU
		{57A852BA-0870-4150-AB3F-51F23E758D38}.Debug|Any CPU.Build.0 = Debug|Any CPU
		{57A852BA-0870-4150-AB3F-51F23E758D38}.Release|Any CPU.ActiveCfg = Release|Any CPU
		{57A852BA-0870-4150-AB3F-51F23E758D38}.Release|Any CPU.Build.0 = Release|Any CPU
		{AF7F0217-2A62-418A-9B99-DAFD1D0CA5D9}.Debug|Any CPU.ActiveCfg = Debug|Any CPU
		{AF7F0217-2A62-418A-9B99-DAFD1D0CA5D9}.Debug|Any CPU.Build.0 = Debug|Any CPU
		{AF7F0217-2A62-418A-9B99-DAFD1D0CA5D9}.Release|Any CPU.ActiveCfg = Release|Any CPU
		{AF7F0217-2A62-418A-9B99-DAFD1D0CA5D9}.Release|Any CPU.Build.0 = Release|Any CPU
		{4B08C194-77B9-4E06-B5C4-13AC64F68920}.Debug|Any CPU.ActiveCfg = Debug|Any CPU
		{4B08C194-77B9-4E06-B5C4-13AC64F68920}.Debug|Any CPU.Build.0 = Debug|Any CPU
		{4B08C194-77B9-4E06-B5C4-13AC64F68920}.Release|Any CPU.ActiveCfg = Release|Any CPU
		{4B08C194-77B9-4E06-B5C4-13AC64F68920}.Release|Any CPU.Build.0 = Release|Any CPU
		{44C8183C-6D58-423A-A28D-8FBBE814802F}.Debug|Any CPU.ActiveCfg = Debug|Any CPU
		{44C8183C-6D58-423A-A28D-8FBBE814802F}.Debug|Any CPU.Build.0 = Debug|Any CPU
		{44C8183C-6D58-423A-A28D-8FBBE814802F}.Release|Any CPU.ActiveCfg = Release|Any CPU
		{44C8183C-6D58-423A-A28D-8FBBE814802F}.Release|Any CPU.Build.0 = Release|Any CPU
	EndGlobalSection
	GlobalSection(SolutionProperties) = preSolution
		HideSolutionNode = FALSE
	EndGlobalSection
	GlobalSection(NestedProjects) = preSolution
		{3DEB44A1-F1DF-48BD-8464-F3DE8A7036AA} = {B6DE5FC2-6714-4BA5-9640-E6681F836D10}
		{3D33A84B-4765-4705-B55B-EB7A6171BD98} = {B6DE5FC2-6714-4BA5-9640-E6681F836D10}
		{5422160F-F89C-440D-811F-DEC2B1D6C650} = {B6DE5FC2-6714-4BA5-9640-E6681F836D10}
		{8668A9E2-9B5C-4A7D-9953-CB2EA45571D4} = {B6DE5FC2-6714-4BA5-9640-E6681F836D10}
		{D3EC3998-5C5D-4BF0-88D6-469E213620AE} = {3D33A84B-4765-4705-B55B-EB7A6171BD98}
		{19574D05-4D97-432A-9EB2-1DE9BAC4128A} = {3D33A84B-4765-4705-B55B-EB7A6171BD98}
		{6D6067C0-81B2-4460-A208-97F18FF74AE4} = {3D33A84B-4765-4705-B55B-EB7A6171BD98}
		{8BEA0538-BA7F-49A0-8A90-D6B3A04E4AF8} = {3D33A84B-4765-4705-B55B-EB7A6171BD98}
		{7BE67946-FAEC-4574-AB21-7BB5F9EA3D21} = {3D33A84B-4765-4705-B55B-EB7A6171BD98}
		{017B74A9-CE1B-472C-87AD-2FAA37DB6A38} = {3D33A84B-4765-4705-B55B-EB7A6171BD98}
		{401F1A5C-A692-4AC1-A355-7FC4B0205685} = {3D33A84B-4765-4705-B55B-EB7A6171BD98}
		{727FA754-7DB8-4C75-A38E-E2D0D077F5F2} = {3DEB44A1-F1DF-48BD-8464-F3DE8A7036AA}
		{767A4398-DCA9-4BCC-A161-019F75161BCA} = {B6DE5FC2-6714-4BA5-9640-E6681F836D10}
		{85C1DF61-9386-4F3C-B997-3B067DC15DFA} = {767A4398-DCA9-4BCC-A161-019F75161BCA}
		{09AA4596-5975-4148-BBF5-7266C5DCA4A0} = {3DEB44A1-F1DF-48BD-8464-F3DE8A7036AA}
		{8B0D92CF-DBAC-44A6-AA72-3C457D3C0268} = {3DEB44A1-F1DF-48BD-8464-F3DE8A7036AA}
		{55F44F77-09B2-4B39-8AA5-9F04E38A777C} = {3DEB44A1-F1DF-48BD-8464-F3DE8A7036AA}
		{9310146F-BB57-480B-A590-48C9D093AE27} = {3DEB44A1-F1DF-48BD-8464-F3DE8A7036AA}
		{728B26D0-B199-4CE8-9CAB-3E1386FA17FA} = {8668A9E2-9B5C-4A7D-9953-CB2EA45571D4}
		{2AEDA888-B160-40BE-BAC8-E9055AD4B944} = {8668A9E2-9B5C-4A7D-9953-CB2EA45571D4}
		{EE3DD6C2-3B76-4B12-8FB8-ED64CB0A3372} = {5422160F-F89C-440D-811F-DEC2B1D6C650}
		{A8AAC1E9-38C9-4EB3-B3E6-8BC559BFA029} = {F71C005D-C2DC-4AFC-A077-BA8861A95629}
		{E04ADC2B-882D-4A1F-BEBF-DB00AA385AD7} = {F71C005D-C2DC-4AFC-A077-BA8861A95629}
		{22F69667-A068-43E1-A9DC-53DA9365EA87} = {A8AAC1E9-38C9-4EB3-B3E6-8BC559BFA029}
		{ED99A97A-8C0B-493E-9C9E-7DB0364E7877} = {B6DE5FC2-6714-4BA5-9640-E6681F836D10}
		{57A852BA-0870-4150-AB3F-51F23E758D38} = {ED99A97A-8C0B-493E-9C9E-7DB0364E7877}
		{AF7F0217-2A62-418A-9B99-DAFD1D0CA5D9} = {3DEB44A1-F1DF-48BD-8464-F3DE8A7036AA}
		{4B08C194-77B9-4E06-B5C4-13AC64F68920} = {3D33A84B-4765-4705-B55B-EB7A6171BD98}
		{44C8183C-6D58-423A-A28D-8FBBE814802F} = {3DEB44A1-F1DF-48BD-8464-F3DE8A7036AA}
	EndGlobalSection
	GlobalSection(ExtensibilityGlobals) = postSolution
		SolutionGuid = {DE4330C7-E7F0-4242-952D-53F955F0D6C3}
	EndGlobalSection
EndGlobal
